
Microsoft Visual Studio Solution File, Format Version 12.00
# Visual Studio 15
VisualStudioVersion = 15.0.28307.1831
MinimumVisualStudioVersion = 10.0.40219.1
Project("{D2ABAB84-BF74-430A-B69E-9DC6D40DDA17}") = "SSAS", "SSAS\SSAS.dwproj", "{AE1AEF24-2CE7-469D-BA2F-2E5C9EB3FBFC}"
EndProject
Global
	GlobalSection(SolutionConfigurationPlatforms) = preSolution
		Development|Default = Development|Default
	EndGlobalSection
	GlobalSection(ProjectConfigurationPlatforms) = postSolution
		{AE1AEF24-2CE7-469D-BA2F-2E5C9EB3FBFC}.Development|Default.ActiveCfg = Development
		{AE1AEF24-2CE7-469D-BA2F-2E5C9EB3FBFC}.Development|Default.Build.0 = Development
		{AE1AEF24-2CE7-469D-BA2F-2E5C9EB3FBFC}.Development|Default.Deploy.0 = Development
	EndGlobalSection
	GlobalSection(SolutionProperties) = preSolution
		HideSolutionNode = FALSE
	EndGlobalSection
	GlobalSection(ExtensibilityGlobals) = postSolution
		SolutionGuid = {BEE6BEEE-1427-4557-B176-3BC09C9EFE20}
	EndGlobalSection
EndGlobal
